{
  "requires": true,
  "lockfileVersion": 1,
  "dependencies": {
    "lodash": {
      "version": "4.17.20",
      "resolved": "https://moneyou.jfrog.io/moneyou/api/npm/npm/lodash/-/lodash-4.17.20.tgz",
      "integrity": "sha1-tEqbYpe8tpjxxRo1RaKzs2jVnFI=",
      "dev": true
    },
    "serverless-iam-roles-per-function": {
      "version": "2.0.2",
      "resolved": "https://moneyou.jfrog.io/moneyou/api/npm/npm/serverless-iam-roles-per-function/-/serverless-iam-roles-per-function-2.0.2.tgz",
      "integrity": "sha1-xk6y80VS5Z1fuMshaeu9J3NKZ3Q=",
      "dev": true,
      "requires": {
        "lodash": "^4.17.15"
      }
    }
  }
}
